Microsoft Visual Studio Solution File, Format Version 11.00
# Visual Studio 2010
Project("{2150E333-8FDC-42A3-9474-1A3956D46DE8}") = "AriaServices", "AriaServices", "{CEFA873C-D89A-4E41-BAD7-0AB652C04E6C}"
EndProject
Project("{2150E333-8FDC-42A3-9474-1A3956D46DE8}") = "UIProjects", "UIProjects", "{2E85F274-4C8F-487B-A8B5-3307477E051E}"
EndProject
Project("{2150E333-8FDC-42A3-9474-1A3956D46DE8}") = "AriaWebServices", "AriaWebServices", "{8E3030CF-C96A-45DA-8147-5DC6022A983B}"
EndProject
Project("{2150E333-8FDC-42A3-9474-1A3956D46DE8}") = "Solution Items", "Solution Items", "{A2C3481F-0AF7-456D-8FFB-310961E85E8A}"
EndProject
Project("{FAE04EC0-301F-11D3-BF4B-00C04F79EFBC}") = "AriaWebServices", "AriaServices\AriaWebServices\AriaWebServices\AriaWebServices.csproj", "{1BFE4B40-D447-4D5E-A16C-E01C9D57B1D1}"
EndProject
Project("{54435603-DBB4-11D2-8724-00A0C9A8B90C}") = "AriaSDKInstaller", "SDKInstaller\SDKInstaller.vdproj", "{C0481DAA-A233-46DF-B8D6-0C79A43C1E1C}"
EndProject
Project("{FAE04EC0-301F-11D3-BF4B-00C04F79EFBC}") = "AriaWebServicesTest", "AriaServices\AriaWebServices\AriaWebServicesTest\AriaWebServicesTest.csproj", "{FDA54A2A-E130-4B79-A5EB-C24D4D05E36B}"
EndProject
Project("{E24C65DC-7377-472B-9ABA-BC803B73C61A}") = "AriaSampleApps2010", "http://localhost/AriaSampleApps2010", "{1E7F15A2-371B-4FD8-9EF8-69A2F72F25AB}"
	ProjectSection(WebsiteProperties) = preProject
		TargetFrameworkMoniker = ".NETFramework,Version%3Dv4.0"
		ProjectReferences = "{1C014A13-7503-4DB0-BED4-5CDA12DB5194}|AriaRestClient.dll;"
		Debug.AspNetCompiler.VirtualPath = "/AriaSampleApps2010"
		Debug.AspNetCompiler.PhysicalPath = "UIProjects\AriaSampleApps\"
		Debug.AspNetCompiler.TargetPath = "PrecompiledWeb\AriaSampleApps2010\"
		Debug.AspNetCompiler.Updateable = "true"
		Debug.AspNetCompiler.ForceOverwrite = "true"
		Debug.AspNetCompiler.FixedNames = "false"
		Debug.AspNetCompiler.Debug = "True"
		Release.AspNetCompiler.VirtualPath = "/AriaSampleApps2010"
		Release.AspNetCompiler.PhysicalPath = "UIProjects\AriaSampleApps\"
		Release.AspNetCompiler.TargetPath = "PrecompiledWeb\AriaSampleApps2010\"
		Release.AspNetCompiler.Updateable = "true"
		Release.AspNetCompiler.ForceOverwrite = "true"
		Release.AspNetCompiler.FixedNames = "false"
		Release.AspNetCompiler.Debug = "False"
		SlnRelativePath = "UIProjects\AriaSampleApps\"
	EndProjectSection
EndProject
Project("{FAE04EC0-301F-11D3-BF4B-00C04F79EFBC}") = "AriaRestClient", "AriaRestClient\AriaRestClient.csproj", "{1C014A13-7503-4DB0-BED4-5CDA12DB5194}"
EndProject
Project("{FAE04EC0-301F-11D3-BF4B-00C04F79EFBC}") = "AriarestClientTest", "AriarestClientTest\AriarestClientTest.csproj", "{F7027C8D-4922-4B5B-A973-E140B3162027}"
EndProject
Global
	GlobalSection(SolutionConfigurationPlatforms) = preSolution
		CI|.NET = CI|.NET
		CI|Any CPU = CI|Any CPU
		CI|Mixed Platforms = CI|Mixed Platforms
		Debug|.NET = Debug|.NET
		Debug|Any CPU = Debug|Any CPU
		Debug|Mixed Platforms = Debug|Mixed Platforms
		DeployDev|.NET = DeployDev|.NET
		DeployDev|Any CPU = DeployDev|Any CPU
		DeployDev|Mixed Platforms = DeployDev|Mixed Platforms
		DeployProd|.NET = DeployProd|.NET
		DeployProd|Any CPU = DeployProd|Any CPU
		DeployProd|Mixed Platforms = DeployProd|Mixed Platforms
		DeployS1|.NET = DeployS1|.NET
		DeployS1|Any CPU = DeployS1|Any CPU
		DeployS1|Mixed Platforms = DeployS1|Mixed Platforms
		DeployS2|.NET = DeployS2|.NET
		DeployS2|Any CPU = DeployS2|Any CPU
		DeployS2|Mixed Platforms = DeployS2|Mixed Platforms
		Release|.NET = Release|.NET
		Release|Any CPU = Release|Any CPU
		Release|Mixed Platforms = Release|Mixed Platforms
	EndGlobalSection
	GlobalSection(ProjectConfigurationPlatforms) = postSolution
		{1BFE4B40-D447-4D5E-A16C-E01C9D57B1D1}.CI|.NET.ActiveCfg = DeployProd|Any CPU
		{1BFE4B40-D447-4D5E-A16C-E01C9D57B1D1}.CI|Any CPU.ActiveCfg = Release|Any CPU
		{1BFE4B40-D447-4D5E-A16C-E01C9D57B1D1}.CI|Any CPU.Build.0 = Release|Any CPU
		{1BFE4B40-D447-4D5E-A16C-E01C9D57B1D1}.CI|Mixed Platforms.ActiveCfg = Debug|Any CPU
		{1BFE4B40-D447-4D5E-A16C-E01C9D57B1D1}.CI|Mixed Platforms.Build.0 = Debug|Any CPU
		{1BFE4B40-D447-4D5E-A16C-E01C9D57B1D1}.Debug|.NET.ActiveCfg = Debug|Any CPU
		{1BFE4B40-D447-4D5E-A16C-E01C9D57B1D1}.Debug|Any CPU.ActiveCfg = Debug|Any CPU
		{1BFE4B40-D447-4D5E-A16C-E01C9D57B1D1}.Debug|Any CPU.Build.0 = Debug|Any CPU
		{1BFE4B40-D447-4D5E-A16C-E01C9D57B1D1}.Debug|Mixed Platforms.ActiveCfg = Debug|Any CPU
		{1BFE4B40-D447-4D5E-A16C-E01C9D57B1D1}.Debug|Mixed Platforms.Build.0 = Debug|Any CPU
		{1BFE4B40-D447-4D5E-A16C-E01C9D57B1D1}.DeployDev|.NET.ActiveCfg = DeployDev|Any CPU
		{1BFE4B40-D447-4D5E-A16C-E01C9D57B1D1}.DeployDev|Any CPU.ActiveCfg = DeployDev|Any CPU
		{1BFE4B40-D447-4D5E-A16C-E01C9D57B1D1}.DeployDev|Any CPU.Build.0 = DeployDev|Any CPU
		{1BFE4B40-D447-4D5E-A16C-E01C9D57B1D1}.DeployDev|Mixed Platforms.ActiveCfg = DeployDev|Any CPU
		{1BFE4B40-D447-4D5E-A16C-E01C9D57B1D1}.DeployDev|Mixed Platforms.Build.0 = DeployDev|Any CPU
		{1BFE4B40-D447-4D5E-A16C-E01C9D57B1D1}.DeployProd|.NET.ActiveCfg = DeployProd|Any CPU
		{1BFE4B40-D447-4D5E-A16C-E01C9D57B1D1}.DeployProd|Any CPU.ActiveCfg = DeployProd|Any CPU
		{1BFE4B40-D447-4D5E-A16C-E01C9D57B1D1}.DeployProd|Any CPU.Build.0 = DeployProd|Any CPU
		{1BFE4B40-D447-4D5E-A16C-E01C9D57B1D1}.DeployProd|Mixed Platforms.ActiveCfg = DeployProd|Any CPU
		{1BFE4B40-D447-4D5E-A16C-E01C9D57B1D1}.DeployProd|Mixed Platforms.Build.0 = DeployProd|Any CPU
		{1BFE4B40-D447-4D5E-A16C-E01C9D57B1D1}.DeployS1|.NET.ActiveCfg = DeployS1|Any CPU
		{1BFE4B40-D447-4D5E-A16C-E01C9D57B1D1}.DeployS1|Any CPU.ActiveCfg = DeployS1|Any CPU
		{1BFE4B40-D447-4D5E-A16C-E01C9D57B1D1}.DeployS1|Any CPU.Build.0 = DeployS1|Any CPU
		{1BFE4B40-D447-4D5E-A16C-E01C9D57B1D1}.DeployS1|Mixed Platforms.ActiveCfg = DeployS1|Any CPU
		{1BFE4B40-D447-4D5E-A16C-E01C9D57B1D1}.DeployS1|Mixed Platforms.Build.0 = DeployS1|Any CPU
		{1BFE4B40-D447-4D5E-A16C-E01C9D57B1D1}.DeployS2|.NET.ActiveCfg = DeployS2|Any CPU
		{1BFE4B40-D447-4D5E-A16C-E01C9D57B1D1}.DeployS2|Any CPU.ActiveCfg = DeployS2|Any CPU
		{1BFE4B40-D447-4D5E-A16C-E01C9D57B1D1}.DeployS2|Any CPU.Build.0 = DeployS2|Any CPU
		{1BFE4B40-D447-4D5E-A16C-E01C9D57B1D1}.DeployS2|Mixed Platforms.ActiveCfg = DeployS2|Any CPU
		{1BFE4B40-D447-4D5E-A16C-E01C9D57B1D1}.DeployS2|Mixed Platforms.Build.0 = DeployS2|Any CPU
		{1BFE4B40-D447-4D5E-A16C-E01C9D57B1D1}.Release|.NET.ActiveCfg = Release|Any CPU
		{1BFE4B40-D447-4D5E-A16C-E01C9D57B1D1}.Release|Any CPU.ActiveCfg = Release|Any CPU
		{1BFE4B40-D447-4D5E-A16C-E01C9D57B1D1}.Release|Any CPU.Build.0 = Release|Any CPU
		{1BFE4B40-D447-4D5E-A16C-E01C9D57B1D1}.Release|Mixed Platforms.ActiveCfg = Release|Any CPU
		{1BFE4B40-D447-4D5E-A16C-E01C9D57B1D1}.Release|Mixed Platforms.Build.0 = Release|Any CPU
		{C0481DAA-A233-46DF-B8D6-0C79A43C1E1C}.CI|.NET.ActiveCfg = Release
		{C0481DAA-A233-46DF-B8D6-0C79A43C1E1C}.CI|Any CPU.ActiveCfg = Release
		{C0481DAA-A233-46DF-B8D6-0C79A43C1E1C}.CI|Mixed Platforms.ActiveCfg = Release
		{C0481DAA-A233-46DF-B8D6-0C79A43C1E1C}.Debug|.NET.ActiveCfg = Debug
		{C0481DAA-A233-46DF-B8D6-0C79A43C1E1C}.Debug|Any CPU.ActiveCfg = Debug
		{C0481DAA-A233-46DF-B8D6-0C79A43C1E1C}.Debug|Mixed Platforms.ActiveCfg = Debug
		{C0481DAA-A233-46DF-B8D6-0C79A43C1E1C}.DeployDev|.NET.ActiveCfg = Debug
		{C0481DAA-A233-46DF-B8D6-0C79A43C1E1C}.DeployDev|Any CPU.ActiveCfg = Debug
		{C0481DAA-A233-46DF-B8D6-0C79A43C1E1C}.DeployDev|Mixed Platforms.ActiveCfg = Debug
		{C0481DAA-A233-46DF-B8D6-0C79A43C1E1C}.DeployProd|.NET.ActiveCfg = Debug
		{C0481DAA-A233-46DF-B8D6-0C79A43C1E1C}.DeployProd|Any CPU.ActiveCfg = Debug
		{C0481DAA-A233-46DF-B8D6-0C79A43C1E1C}.DeployProd|Mixed Platforms.ActiveCfg = Debug
		{C0481DAA-A233-46DF-B8D6-0C79A43C1E1C}.DeployS1|.NET.ActiveCfg = Debug
		{C0481DAA-A233-46DF-B8D6-0C79A43C1E1C}.DeployS1|Any CPU.ActiveCfg = Debug
		{C0481DAA-A233-46DF-B8D6-0C79A43C1E1C}.DeployS1|Mixed Platforms.ActiveCfg = Debug
		{C0481DAA-A233-46DF-B8D6-0C79A43C1E1C}.DeployS2|.NET.ActiveCfg = Debug
		{C0481DAA-A233-46DF-B8D6-0C79A43C1E1C}.DeployS2|Any CPU.ActiveCfg = Debug
		{C0481DAA-A233-46DF-B8D6-0C79A43C1E1C}.DeployS2|Mixed Platforms.ActiveCfg = Debug
		{C0481DAA-A233-46DF-B8D6-0C79A43C1E1C}.Release|.NET.ActiveCfg = Release
		{C0481DAA-A233-46DF-B8D6-0C79A43C1E1C}.Release|Any CPU.ActiveCfg = Release
		{C0481DAA-A233-46DF-B8D6-0C79A43C1E1C}.Release|Mixed Platforms.ActiveCfg = Release
		{C0481DAA-A233-46DF-B8D6-0C79A43C1E1C}.Release|Mixed Platforms.Build.0 = Release
		{FDA54A2A-E130-4B79-A5EB-C24D4D05E36B}.CI|.NET.ActiveCfg = Release|Any CPU
		{FDA54A2A-E130-4B79-A5EB-C24D4D05E36B}.CI|Any CPU.ActiveCfg = Release|Any CPU
		{FDA54A2A-E130-4B79-A5EB-C24D4D05E36B}.CI|Any CPU.Build.0 = Release|Any CPU
		{FDA54A2A-E130-4B79-A5EB-C24D4D05E36B}.CI|Mixed Platforms.ActiveCfg = Release|Any CPU
		{FDA54A2A-E130-4B79-A5EB-C24D4D05E36B}.CI|Mixed Platforms.Build.0 = Release|Any CPU
		{FDA54A2A-E130-4B79-A5EB-C24D4D05E36B}.Debug|.NET.ActiveCfg = Debug|Any CPU
		{FDA54A2A-E130-4B79-A5EB-C24D4D05E36B}.Debug|Any CPU.ActiveCfg = Debug|Any CPU
		{FDA54A2A-E130-4B79-A5EB-C24D4D05E36B}.Debug|Any CPU.Build.0 = Debug|Any CPU
		{FDA54A2A-E130-4B79-A5EB-C24D4D05E36B}.Debug|Mixed Platforms.ActiveCfg = Debug|Any CPU
		{FDA54A2A-E130-4B79-A5EB-C24D4D05E36B}.Debug|Mixed Platforms.Build.0 = Debug|Any CPU
		{FDA54A2A-E130-4B79-A5EB-C24D4D05E36B}.DeployDev|.NET.ActiveCfg = Debug|Any CPU
		{FDA54A2A-E130-4B79-A5EB-C24D4D05E36B}.DeployDev|Any CPU.ActiveCfg = Debug|Any CPU
		{FDA54A2A-E130-4B79-A5EB-C24D4D05E36B}.DeployDev|Any CPU.Build.0 = Debug|Any CPU
		{FDA54A2A-E130-4B79-A5EB-C24D4D05E36B}.DeployDev|Mixed Platforms.ActiveCfg = Debug|Any CPU
		{FDA54A2A-E130-4B79-A5EB-C24D4D05E36B}.DeployDev|Mixed Platforms.Build.0 = Debug|Any CPU
		{FDA54A2A-E130-4B79-A5EB-C24D4D05E36B}.DeployProd|.NET.ActiveCfg = Debug|Any CPU
		{FDA54A2A-E130-4B79-A5EB-C24D4D05E36B}.DeployProd|Any CPU.ActiveCfg = Debug|Any CPU
		{FDA54A2A-E130-4B79-A5EB-C24D4D05E36B}.DeployProd|Any CPU.Build.0 = Debug|Any CPU
		{FDA54A2A-E130-4B79-A5EB-C24D4D05E36B}.DeployProd|Mixed Platforms.ActiveCfg = Debug|Any CPU
		{FDA54A2A-E130-4B79-A5EB-C24D4D05E36B}.DeployProd|Mixed Platforms.Build.0 = Debug|Any CPU
		{FDA54A2A-E130-4B79-A5EB-C24D4D05E36B}.DeployS1|.NET.ActiveCfg = Debug|Any CPU
		{FDA54A2A-E130-4B79-A5EB-C24D4D05E36B}.DeployS1|Any CPU.ActiveCfg = Debug|Any CPU
		{FDA54A2A-E130-4B79-A5EB-C24D4D05E36B}.DeployS1|Any CPU.Build.0 = Debug|Any CPU
		{FDA54A2A-E130-4B79-A5EB-C24D4D05E36B}.DeployS1|Mixed Platforms.ActiveCfg = Debug|Any CPU
		{FDA54A2A-E130-4B79-A5EB-C24D4D05E36B}.DeployS1|Mixed Platforms.Build.0 = Debug|Any CPU
		{FDA54A2A-E130-4B79-A5EB-C24D4D05E36B}.DeployS2|.NET.ActiveCfg = Debug|Any CPU
		{FDA54A2A-E130-4B79-A5EB-C24D4D05E36B}.DeployS2|Any CPU.ActiveCfg = Debug|Any CPU
		{FDA54A2A-E130-4B79-A5EB-C24D4D05E36B}.DeployS2|Any CPU.Build.0 = Debug|Any CPU
		{FDA54A2A-E130-4B79-A5EB-C24D4D05E36B}.DeployS2|Mixed Platforms.ActiveCfg = Debug|Any CPU
		{FDA54A2A-E130-4B79-A5EB-C24D4D05E36B}.DeployS2|Mixed Platforms.Build.0 = Debug|Any CPU
		{FDA54A2A-E130-4B79-A5EB-C24D4D05E36B}.Release|.NET.ActiveCfg = Release|Any CPU
		{FDA54A2A-E130-4B79-A5EB-C24D4D05E36B}.Release|Any CPU.ActiveCfg = Release|Any CPU
		{FDA54A2A-E130-4B79-A5EB-C24D4D05E36B}.Release|Any CPU.Build.0 = Release|Any CPU
		{FDA54A2A-E130-4B79-A5EB-C24D4D05E36B}.Release|Mixed Platforms.ActiveCfg = Release|Any CPU
		{FDA54A2A-E130-4B79-A5EB-C24D4D05E36B}.Release|Mixed Platforms.Build.0 = Release|Any CPU
		{1E7F15A2-371B-4FD8-9EF8-69A2F72F25AB}.CI|.NET.ActiveCfg = Debug|Any CPU
		{1E7F15A2-371B-4FD8-9EF8-69A2F72F25AB}.CI|Any CPU.ActiveCfg = Debug|Any CPU
		{1E7F15A2-371B-4FD8-9EF8-69A2F72F25AB}.CI|Any CPU.Build.0 = Debug|Any CPU
		{1E7F15A2-371B-4FD8-9EF8-69A2F72F25AB}.CI|Mixed Platforms.ActiveCfg = Debug|Any CPU
		{1E7F15A2-371B-4FD8-9EF8-69A2F72F25AB}.CI|Mixed Platforms.Build.0 = Debug|Any CPU
		{1E7F15A2-371B-4FD8-9EF8-69A2F72F25AB}.Debug|.NET.ActiveCfg = Debug|Any CPU
		{1E7F15A2-371B-4FD8-9EF8-69A2F72F25AB}.Debug|Any CPU.ActiveCfg = Debug|Any CPU
		{1E7F15A2-371B-4FD8-9EF8-69A2F72F25AB}.Debug|Any CPU.Build.0 = Debug|Any CPU
		{1E7F15A2-371B-4FD8-9EF8-69A2F72F25AB}.Debug|Mixed Platforms.ActiveCfg = Debug|Any CPU
		{1E7F15A2-371B-4FD8-9EF8-69A2F72F25AB}.Debug|Mixed Platforms.Build.0 = Debug|Any CPU
		{1E7F15A2-371B-4FD8-9EF8-69A2F72F25AB}.DeployDev|.NET.ActiveCfg = Debug|Any CPU
		{1E7F15A2-371B-4FD8-9EF8-69A2F72F25AB}.DeployDev|Any CPU.ActiveCfg = Debug|Any CPU
		{1E7F15A2-371B-4FD8-9EF8-69A2F72F25AB}.DeployDev|Any CPU.Build.0 = Debug|Any CPU
		{1E7F15A2-371B-4FD8-9EF8-69A2F72F25AB}.DeployDev|Mixed Platforms.ActiveCfg = Debug|Any CPU
		{1E7F15A2-371B-4FD8-9EF8-69A2F72F25AB}.DeployDev|Mixed Platforms.Build.0 = Debug|Any CPU
		{1E7F15A2-371B-4FD8-9EF8-69A2F72F25AB}.DeployProd|.NET.ActiveCfg = Debug|Any CPU
		{1E7F15A2-371B-4FD8-9EF8-69A2F72F25AB}.DeployProd|Any CPU.ActiveCfg = Debug|Any CPU
		{1E7F15A2-371B-4FD8-9EF8-69A2F72F25AB}.DeployProd|Any CPU.Build.0 = Debug|Any CPU
		{1E7F15A2-371B-4FD8-9EF8-69A2F72F25AB}.DeployProd|Mixed Platforms.ActiveCfg = Debug|Any CPU
		{1E7F15A2-371B-4FD8-9EF8-69A2F72F25AB}.DeployProd|Mixed Platforms.Build.0 = Debug|Any CPU
		{1E7F15A2-371B-4FD8-9EF8-69A2F72F25AB}.DeployS1|.NET.ActiveCfg = Debug|Any CPU
		{1E7F15A2-371B-4FD8-9EF8-69A2F72F25AB}.DeployS1|Any CPU.ActiveCfg = Debug|Any CPU
		{1E7F15A2-371B-4FD8-9EF8-69A2F72F25AB}.DeployS1|Any CPU.Build.0 = Debug|Any CPU
		{1E7F15A2-371B-4FD8-9EF8-69A2F72F25AB}.DeployS1|Mixed Platforms.ActiveCfg = Debug|Any CPU
		{1E7F15A2-371B-4FD8-9EF8-69A2F72F25AB}.DeployS1|Mixed Platforms.Build.0 = Debug|Any CPU
		{1E7F15A2-371B-4FD8-9EF8-69A2F72F25AB}.DeployS2|.NET.ActiveCfg = Debug|Any CPU
		{1E7F15A2-371B-4FD8-9EF8-69A2F72F25AB}.DeployS2|Any CPU.ActiveCfg = Debug|Any CPU
		{1E7F15A2-371B-4FD8-9EF8-69A2F72F25AB}.DeployS2|Any CPU.Build.0 = Debug|Any CPU
		{1E7F15A2-371B-4FD8-9EF8-69A2F72F25AB}.DeployS2|Mixed Platforms.ActiveCfg = Debug|Any CPU
		{1E7F15A2-371B-4FD8-9EF8-69A2F72F25AB}.DeployS2|Mixed Platforms.Build.0 = Debug|Any CPU
		{1E7F15A2-371B-4FD8-9EF8-69A2F72F25AB}.Release|.NET.ActiveCfg = Debug|Any CPU
		{1E7F15A2-371B-4FD8-9EF8-69A2F72F25AB}.Release|Any CPU.ActiveCfg = Debug|Any CPU
		{1E7F15A2-371B-4FD8-9EF8-69A2F72F25AB}.Release|Any CPU.Build.0 = Debug|Any CPU
		{1E7F15A2-371B-4FD8-9EF8-69A2F72F25AB}.Release|Mixed Platforms.ActiveCfg = Debug|Any CPU
		{1E7F15A2-371B-4FD8-9EF8-69A2F72F25AB}.Release|Mixed Platforms.Build.0 = Debug|Any CPU
		{1C014A13-7503-4DB0-BED4-5CDA12DB5194}.CI|.NET.ActiveCfg = Release|Any CPU
		{1C014A13-7503-4DB0-BED4-5CDA12DB5194}.CI|Any CPU.ActiveCfg = Release|Any CPU
		{1C014A13-7503-4DB0-BED4-5CDA12DB5194}.CI|Any CPU.Build.0 = Release|Any CPU
		{1C014A13-7503-4DB0-BED4-5CDA12DB5194}.CI|Mixed Platforms.ActiveCfg = Release|Any CPU
		{1C014A13-7503-4DB0-BED4-5CDA12DB5194}.CI|Mixed Platforms.Build.0 = Release|Any CPU
		{1C014A13-7503-4DB0-BED4-5CDA12DB5194}.Debug|.NET.ActiveCfg = Debug|Any CPU
		{1C014A13-7503-4DB0-BED4-5CDA12DB5194}.Debug|Any CPU.ActiveCfg = Debug|Any CPU
		{1C014A13-7503-4DB0-BED4-5CDA12DB5194}.Debug|Any CPU.Build.0 = Debug|Any CPU
		{1C014A13-7503-4DB0-BED4-5CDA12DB5194}.Debug|Mixed Platforms.ActiveCfg = Debug|Any CPU
		{1C014A13-7503-4DB0-BED4-5CDA12DB5194}.Debug|Mixed Platforms.Build.0 = Debug|Any CPU
		{1C014A13-7503-4DB0-BED4-5CDA12DB5194}.DeployDev|.NET.ActiveCfg = Debug|Any CPU
		{1C014A13-7503-4DB0-BED4-5CDA12DB5194}.DeployDev|Any CPU.ActiveCfg = Debug|Any CPU
		{1C014A13-7503-4DB0-BED4-5CDA12DB5194}.DeployDev|Any CPU.Build.0 = Debug|Any CPU
		{1C014A13-7503-4DB0-BED4-5CDA12DB5194}.DeployDev|Mixed Platforms.ActiveCfg = Debug|Any CPU
		{1C014A13-7503-4DB0-BED4-5CDA12DB5194}.DeployDev|Mixed Platforms.Build.0 = Debug|Any CPU
		{1C014A13-7503-4DB0-BED4-5CDA12DB5194}.DeployProd|.NET.ActiveCfg = Debug|Any CPU
		{1C014A13-7503-4DB0-BED4-5CDA12DB5194}.DeployProd|Any CPU.ActiveCfg = Debug|Any CPU
		{1C014A13-7503-4DB0-BED4-5CDA12DB5194}.DeployProd|Any CPU.Build.0 = Debug|Any CPU
		{1C014A13-7503-4DB0-BED4-5CDA12DB5194}.DeployProd|Mixed Platforms.ActiveCfg = Debug|Any CPU
		{1C014A13-7503-4DB0-BED4-5CDA12DB5194}.DeployProd|Mixed Platforms.Build.0 = Debug|Any CPU
		{1C014A13-7503-4DB0-BED4-5CDA12DB5194}.DeployS1|.NET.ActiveCfg = Debug|Any CPU
		{1C014A13-7503-4DB0-BED4-5CDA12DB5194}.DeployS1|Any CPU.ActiveCfg = Debug|Any CPU
		{1C014A13-7503-4DB0-BED4-5CDA12DB5194}.DeployS1|Any CPU.Build.0 = Debug|Any CPU
		{1C014A13-7503-4DB0-BED4-5CDA12DB5194}.DeployS1|Mixed Platforms.ActiveCfg = Debug|Any CPU
		{1C014A13-7503-4DB0-BED4-5CDA12DB5194}.DeployS1|Mixed Platforms.Build.0 = Debug|Any CPU
		{1C014A13-7503-4DB0-BED4-5CDA12DB5194}.DeployS2|.NET.ActiveCfg = Debug|Any CPU
		{1C014A13-7503-4DB0-BED4-5CDA12DB5194}.DeployS2|Any CPU.ActiveCfg = Debug|Any CPU
		{1C014A13-7503-4DB0-BED4-5CDA12DB5194}.DeployS2|Any CPU.Build.0 = Debug|Any CPU
		{1C014A13-7503-4DB0-BED4-5CDA12DB5194}.DeployS2|Mixed Platforms.ActiveCfg = Debug|Any CPU
		{1C014A13-7503-4DB0-BED4-5CDA12DB5194}.DeployS2|Mixed Platforms.Build.0 = Debug|Any CPU
		{1C014A13-7503-4DB0-BED4-5CDA12DB5194}.Release|.NET.ActiveCfg = Release|Any CPU
		{1C014A13-7503-4DB0-BED4-5CDA12DB5194}.Release|Any CPU.ActiveCfg = Release|Any CPU
		{1C014A13-7503-4DB0-BED4-5CDA12DB5194}.Release|Any CPU.Build.0 = Release|Any CPU
		{1C014A13-7503-4DB0-BED4-5CDA12DB5194}.Release|Mixed Platforms.ActiveCfg = Release|Any CPU
		{1C014A13-7503-4DB0-BED4-5CDA12DB5194}.Release|Mixed Platforms.Build.0 = Release|Any CPU
		{F7027C8D-4922-4B5B-A973-E140B3162027}.CI|.NET.ActiveCfg = Release|Any CPU
		{F7027C8D-4922-4B5B-A973-E140B3162027}.CI|Any CPU.ActiveCfg = Release|Any CPU
		{F7027C8D-4922-4B5B-A973-E140B3162027}.CI|Any CPU.Build.0 = Release|Any CPU
		{F7027C8D-4922-4B5B-A973-E140B3162027}.CI|Mixed Platforms.ActiveCfg = Release|Any CPU
		{F7027C8D-4922-4B5B-A973-E140B3162027}.CI|Mixed Platforms.Build.0 = Release|Any CPU
		{F7027C8D-4922-4B5B-A973-E140B3162027}.Debug|.NET.ActiveCfg = Debug|Any CPU
		{F7027C8D-4922-4B5B-A973-E140B3162027}.Debug|Any CPU.ActiveCfg = Debug|Any CPU
		{F7027C8D-4922-4B5B-A973-E140B3162027}.Debug|Any CPU.Build.0 = Debug|Any CPU
		{F7027C8D-4922-4B5B-A973-E140B3162027}.Debug|Mixed Platforms.ActiveCfg = Debug|Any CPU
		{F7027C8D-4922-4B5B-A973-E140B3162027}.Debug|Mixed Platforms.Build.0 = Debug|Any CPU
		{F7027C8D-4922-4B5B-A973-E140B3162027}.DeployDev|.NET.ActiveCfg = Debug|Any CPU
		{F7027C8D-4922-4B5B-A973-E140B3162027}.DeployDev|Any CPU.ActiveCfg = Debug|Any CPU
		{F7027C8D-4922-4B5B-A973-E140B3162027}.DeployDev|Any CPU.Build.0 = Debug|Any CPU
		{F7027C8D-4922-4B5B-A973-E140B3162027}.DeployDev|Mixed Platforms.ActiveCfg = Debug|Any CPU
		{F7027C8D-4922-4B5B-A973-E140B3162027}.DeployDev|Mixed Platforms.Build.0 = Debug|Any CPU
		{F7027C8D-4922-4B5B-A973-E140B3162027}.DeployProd|.NET.ActiveCfg = Debug|Any CPU
		{F7027C8D-4922-4B5B-A973-E140B3162027}.DeployProd|Any CPU.ActiveCfg = Debug|Any CPU
		{F7027C8D-4922-4B5B-A973-E140B3162027}.DeployProd|Any CPU.Build.0 = Debug|Any CPU
		{F7027C8D-4922-4B5B-A973-E140B3162027}.DeployProd|Mixed Platforms.ActiveCfg = Debug|Any CPU
		{F7027C8D-4922-4B5B-A973-E140B3162027}.DeployProd|Mixed Platforms.Build.0 = Debug|Any CPU
		{F7027C8D-4922-4B5B-A973-E140B3162027}.DeployS1|.NET.ActiveCfg = Debug|Any CPU
		{F7027C8D-4922-4B5B-A973-E140B3162027}.DeployS1|Any CPU.ActiveCfg = Debug|Any CPU
		{F7027C8D-4922-4B5B-A973-E140B3162027}.DeployS1|Any CPU.Build.0 = Debug|Any CPU
		{F7027C8D-4922-4B5B-A973-E140B3162027}.DeployS1|Mixed Platforms.ActiveCfg = Debug|Any CPU
		{F7027C8D-4922-4B5B-A973-E140B3162027}.DeployS1|Mixed Platforms.Build.0 = Debug|Any CPU
		{F7027C8D-4922-4B5B-A973-E140B3162027}.DeployS2|.NET.ActiveCfg = Debug|Any CPU
		{F7027C8D-4922-4B5B-A973-E140B3162027}.DeployS2|Any CPU.ActiveCfg = Debug|Any CPU
		{F7027C8D-4922-4B5B-A973-E140B3162027}.DeployS2|Any CPU.Build.0 = Debug|Any CPU
		{F7027C8D-4922-4B5B-A973-E140B3162027}.DeployS2|Mixed Platforms.ActiveCfg = Debug|Any CPU
		{F7027C8D-4922-4B5B-A973-E140B3162027}.DeployS2|Mixed Platforms.Build.0 = Debug|Any CPU
		{F7027C8D-4922-4B5B-A973-E140B3162027}.Release|.NET.ActiveCfg = Release|Any CPU
		{F7027C8D-4922-4B5B-A973-E140B3162027}.Release|Any CPU.ActiveCfg = Release|Any CPU
		{F7027C8D-4922-4B5B-A973-E140B3162027}.Release|Any CPU.Build.0 = Release|Any CPU
		{F7027C8D-4922-4B5B-A973-E140B3162027}.Release|Mixed Platforms.ActiveCfg = Release|Any CPU
		{F7027C8D-4922-4B5B-A973-E140B3162027}.Release|Mixed Platforms.Build.0 = Release|Any CPU
	EndGlobalSection
	GlobalSection(SolutionProperties) = preSolution
		HideSolutionNode = FALSE
	EndGlobalSection
	GlobalSection(NestedProjects) = preSolution
		{8E3030CF-C96A-45DA-8147-5DC6022A983B} = {CEFA873C-D89A-4E41-BAD7-0AB652C04E6C}
		{1E7F15A2-371B-4FD8-9EF8-69A2F72F25AB} = {2E85F274-4C8F-487B-A8B5-3307477E051E}
		{1BFE4B40-D447-4D5E-A16C-E01C9D57B1D1} = {8E3030CF-C96A-45DA-8147-5DC6022A983B}
		{FDA54A2A-E130-4B79-A5EB-C24D4D05E36B} = {8E3030CF-C96A-45DA-8147-5DC6022A983B}
		{1C014A13-7503-4DB0-BED4-5CDA12DB5194} = {8E3030CF-C96A-45DA-8147-5DC6022A983B}
		{F7027C8D-4922-4B5B-A973-E140B3162027} = {8E3030CF-C96A-45DA-8147-5DC6022A983B}
	EndGlobalSection
EndGlobal
